# THIS IS AN AUTOGENERATED FILE. DO NOT EDIT THIS FILE DIRECTLY.
# yarn lockfile v1


axios@^0.19.0:
  version "0.19.0"
  resolved "https://registry.npm.taobao.org/axios/download/axios-0.19.0.tgz#8e09bff3d9122e133f7b8101c8fbdd00ed3d2ab8"
  integrity sha1-jgm/89kSLhM/e4EByPvdAO09Krg=
  dependencies:
    follow-redirects "1.5.10"
    is-buffer "^2.0.2"

cluster-key-slot@^1.1.0:
  version "1.1.0"
  resolved "https://registry.npm.taobao.org/cluster-key-slot/download/cluster-key-slot-1.1.0.tgz?cache=0&sync_timestamp=1563442382414&other_urls=https%3A%2F%2Fregistry.npm.taobao.org%2Fcluster-key-slot%2Fdownload%2Fcluster-key-slot-1.1.0.tgz#30474b2a981fb12172695833052bc0d01336d10d"
  integrity sha1-MEdLKpgfsSFyaVgzBSvA0BM20Q0=

debug@=3.1.0:
  version "3.1.0"
  resolved "https://registry.npm.taobao.org/debug/download/debug-3.1.0.tgz#5bb5a0672628b64149566ba16819e61518c67261"
  integrity sha1-W7WgZyYotkFJVmuhaBnmFRjGcmE=
  dependencies:
    ms "2.0.0"

debug@^4.1.1:
  version "4.1.1"
  resolved "https://registry.npm.taobao.org/debug/download/debug-4.1.1.tgz?cache=0&other_urls=https%3A%2F%2Fregistry.npm.taobao.org%2Fdebug%2Fdownload%2Fdebug-4.1.1.tgz#3b72260255109c6b589cee050f1d516139664791"
  integrity sha1-O3ImAlUQnGtYnO4FDx1RYTlmR5E=
  dependencies:
    ms "^2.1.1"

denque@^1.1.0:
  version "1.4.1"
  resolved "https://registry.npm.taobao.org/denque/download/denque-1.4.1.tgz#6744ff7641c148c3f8a69c307e51235c1f4a37cf"
  integrity sha1-Z0T/dkHBSMP4ppwwflEjXB9KN88=

follow-redirects@1.5.10:
  version "1.5.10"
  resolved "https://registry.npm.taobao.org/follow-redirects/download/follow-redirects-1.5.10.tgz#7b7a9f9aea2fdff36786a94ff643ed07f4ff5e2a"
  integrity sha1-e3qfmuov3/NnhqlP9kPtB/T/Xio=
  dependencies:
    debug "=3.1.0"

ioredis@^4.14.0:
  version "4.14.0"
  resolved "https://registry.npm.taobao.org/ioredis/download/ioredis-4.14.0.tgz#d0e83b1d308ca1ba6e849798bfe91583b560eaac"
  integrity sha1-0Og7HTCMobpuhJeYv+kVg7Vg6qw=
  dependencies:
    cluster-key-slot "^1.1.0"
    debug "^4.1.1"
    denque "^1.1.0"
    lodash.defaults "^4.2.0"
    lodash.flatten "^4.4.0"
    redis-commands "1.5.0"
    redis-errors "^1.2.0"
    redis-parser "^3.0.0"
    standard-as-callback "^2.0.1"

is-buffer@^2.0.2:
  version "2.0.3"
  resolved "https://registry.npm.taobao.org/is-buffer/download/is-buffer-2.0.3.tgz#4ecf3fcf749cbd1e472689e109ac66261a25e725"
  integrity sha1-Ts8/z3ScvR5HJonhCaxmJhol5yU=

lodash.defaults@^4.2.0:
  version "4.2.0"
  resolved "https://registry.npm.taobao.org/lodash.defaults/download/lodash.defaults-4.2.0.tgz#d09178716ffea4dde9e5fb7b37f6f0802274580c"
  integrity sha1-0JF4cW/+pN3p5ft7N/bwgCJ0WAw=

lodash.flatten@^4.4.0:
  version "4.4.0"
  resolved "https://registry.npm.taobao.org/lodash.flatten/download/lodash.flatten-4.4.0.tgz#f31c22225a9632d2bbf8e4addbef240aa765a61f"
  integrity sha1-8xwiIlqWMtK7+OSt2+8kCqdlph8=

ms@2.0.0:
  version "2.0.0"
  resolved "https://registry.npm.taobao.org/ms/download/ms-2.0.0.tgz?cache=0&other_urls=https%3A%2F%2Fregistry.npm.taobao.org%2Fms%2Fdownload%2Fms-2.0.0.tgz#5608aeadfc00be6c2901df5f9861788de0d597c8"
  integrity sha1-VgiurfwAvmwpAd9fmGF4jeDVl8g=

ms@^2.1.1:
  version "2.1.2"
  resolved "https://registry.npm.taobao.org/ms/download/ms-2.1.2.tgz?cache=0&other_urls=https%3A%2F%2Fregistry.npm.taobao.org%2Fms%2Fdownload%2Fms-2.1.2.tgz#d09d1f357b443f493382a8eb3ccd183872ae6009"
  integrity sha1-0J0fNXtEP0kzgqjrPM0YOHKuYAk=

redis-commands@1.5.0:
  version "1.5.0"
  resolved "https://registry.npm.taobao.org/redis-commands/download/redis-commands-1.5.0.tgz#80d2e20698fe688f227127ff9e5164a7dd17e785"
  integrity sha1-gNLiBpj+aI8icSf/nlFkp90X54U=

redis-errors@^1.0.0, redis-errors@^1.2.0:
  version "1.2.0"
  resolved "https://registry.npm.taobao.org/redis-errors/download/redis-errors-1.2.0.tgz#eb62d2adb15e4eaf4610c04afe1529384250abad"
  integrity sha1-62LSrbFeTq9GEMBK/hUpOEJQq60=

redis-parser@^3.0.0:
  version "3.0.0"
  resolved "https://registry.npm.taobao.org/redis-parser/download/redis-parser-3.0.0.tgz#b66d828cdcafe6b4b8a428a7def4c6bcac31c8b4"
  integrity sha1-tm2CjNyv5rS4pCin3vTGvKwxyLQ=
  dependencies:
    redis-errors "^1.0.0"

standard-as-callback@^2.0.1:
  version "2.0.1"
  resolved "https://registry.npm.taobao.org/standard-as-callback/download/standard-as-callback-2.0.1.tgz#ed8bb25648e15831759b6023bdb87e6b60b38126"
  integrity sha1-7YuyVkjhWDF1m2Ajvbh+a2CzgSY=
